
Microsoft Visual Studio Solution File, Format Version 12.00
# Visual Studio Version 16
VisualStudioVersion = 16.0.31129.286
MinimumVisualStudioVersion = 10.0.40219.1
Project("{2150E333-8FDC-42A3-9474-1A3956D46DE8}") = "Services", "Services", "{786AA58B-7E38-4603-AD92-B192ABEEAC73}"
EndProject
Project("{2150E333-8FDC-42A3-9474-1A3956D46DE8}") = "Catalog", "Catalog", "{3DA0DE2A-B8EB-4C38-821A-DF8BA1444713}"
EndProject
Project("{9A19103F-16F7-4668-BE54-9A1E7A4F7556}") = "Catalog.API", "Services\Catalog\Catalog.API\Catalog.API.csproj", "{8F454596-57F9-42F4-B9C7-B2D8E7A89A27}"
EndProject
Project("{E53339B2-1760-4266-BCC7-CA923CBCF16C}") = "docker-compose", "docker-compose.dcproj", "{9D2173C9-B624-4E5F-B856-C3559A2F182C}"
EndProject
Project("{2150E333-8FDC-42A3-9474-1A3956D46DE8}") = "Basket", "Basket", "{0650C4F9-84A0-4F01-B7E0-1C7101609A46}"
EndProject
Project("{9A19103F-16F7-4668-BE54-9A1E7A4F7556}") = "Basket.API", "Services\Basket\Basket.API\Basket.API.csproj", "{17908A2B-0414-4476-9B21-18B90330EA2B}"
EndProject
Project("{2150E333-8FDC-42A3-9474-1A3956D46DE8}") = "Discount", "Discount", "{F665DDAA-5D41-4B1E-8430-31165FE6116D}"
EndProject
Project("{9A19103F-16F7-4668-BE54-9A1E7A4F7556}") = "Discount.API", "Services\Discount\Discount.API\Discount.API.csproj", "{967C0733-AE82-4F8F-AB7F-35D993DBB2F1}"
EndProject
Project("{9A19103F-16F7-4668-BE54-9A1E7A4F7556}") = "Discount.Grpc", "Services\Discount\Discount.Grpc\Discount.Grpc.csproj", "{8DB76CED-D06A-4B6C-B35C-FF04E8AF1D20}"
EndProject
Project("{2150E333-8FDC-42A3-9474-1A3956D46DE8}") = "Ordering", "Ordering", "{1C40D73C-B678-432B-9036-0F959F149400}"
EndProject
Project("{FAE04EC0-301F-11D3-BF4B-00C04F79EFBC}") = "Ordering.API", "Services\Ordering\Ordering.API\Ordering.API.csproj", "{D37082F5-651E-4B0A-A5D7-D9C54E71B521}"
EndProject
Project("{FAE04EC0-301F-11D3-BF4B-00C04F79EFBC}") = "Ordering.Domain", "Services\Ordering\Ordering.Domain\Ordering.Domain.csproj", "{1CC3D0C5-FC8B-4AFB-83E2-2A7BF4C7CF0E}"
EndProject
Project("{FAE04EC0-301F-11D3-BF4B-00C04F79EFBC}") = "Ordering.Application", "Services\Ordering\Ordering.Application\Ordering.Application.csproj", "{33876422-C1C8-4F80-A4B0-ECCE59A66BEB}"
EndProject
Global
	GlobalSection(SolutionConfigurationPlatforms) = preSolution
		Debug|Any CPU = Debug|Any CPU
		Release|Any CPU = Release|Any CPU
	EndGlobalSection
	GlobalSection(ProjectConfigurationPlatforms) = postSolution
		{8F454596-57F9-42F4-B9C7-B2D8E7A89A27}.Debug|Any CPU.ActiveCfg = Debug|Any CPU
		{8F454596-57F9-42F4-B9C7-B2D8E7A89A27}.Debug|Any CPU.Build.0 = Debug|Any CPU
		{8F454596-57F9-42F4-B9C7-B2D8E7A89A27}.Release|Any CPU.ActiveCfg = Release|Any CPU
		{8F454596-57F9-42F4-B9C7-B2D8E7A89A27}.Release|Any CPU.Build.0 = Release|Any CPU
		{9D2173C9-B624-4E5F-B856-C3559A2F182C}.Debug|Any CPU.ActiveCfg = Debug|Any CPU
		{9D2173C9-B624-4E5F-B856-C3559A2F182C}.Debug|Any CPU.Build.0 = Debug|Any CPU
		{9D2173C9-B624-4E5F-B856-C3559A2F182C}.Release|Any CPU.ActiveCfg = Release|Any CPU
		{9D2173C9-B624-4E5F-B856-C3559A2F182C}.Release|Any CPU.Build.0 = Release|Any CPU
		{17908A2B-0414-4476-9B21-18B90330EA2B}.Debug|Any CPU.ActiveCfg = Debug|Any CPU
		{17908A2B-0414-4476-9B21-18B90330EA2B}.Debug|Any CPU.Build.0 = Debug|Any CPU
		{17908A2B-0414-4476-9B21-18B90330EA2B}.Release|Any CPU.ActiveCfg = Release|Any CPU
		{17908A2B-0414-4476-9B21-18B90330EA2B}.Release|Any CPU.Build.0 = Release|Any CPU
		{967C0733-AE82-4F8F-AB7F-35D993DBB2F1}.Debug|Any CPU.ActiveCfg = Debug|Any CPU
		{967C0733-AE82-4F8F-AB7F-35D993DBB2F1}.Debug|Any CPU.Build.0 = Debug|Any CPU
		{967C0733-AE82-4F8F-AB7F-35D993DBB2F1}.Release|Any CPU.ActiveCfg = Release|Any CPU
		{967C0733-AE82-4F8F-AB7F-35D993DBB2F1}.Release|Any CPU.Build.0 = Release|Any CPU
		{8DB76CED-D06A-4B6C-B35C-FF04E8AF1D20}.Debug|Any CPU.ActiveCfg = Debug|Any CPU
		{8DB76CED-D06A-4B6C-B35C-FF04E8AF1D20}.Debug|Any CPU.Build.0 = Debug|Any CPU
		{8DB76CED-D06A-4B6C-B35C-FF04E8AF1D20}.Release|Any CPU.ActiveCfg = Release|Any CPU
		{8DB76CED-D06A-4B6C-B35C-FF04E8AF1D20}.Release|Any CPU.Build.0 = Release|Any CPU
		{D37082F5-651E-4B0A-A5D7-D9C54E71B521}.Debug|Any CPU.ActiveCfg = Debug|Any CPU
		{D37082F5-651E-4B0A-A5D7-D9C54E71B521}.Debug|Any CPU.Build.0 = Debug|Any CPU
		{D37082F5-651E-4B0A-A5D7-D9C54E71B521}.Release|Any CPU.ActiveCfg = Release|Any CPU
		{D37082F5-651E-4B0A-A5D7-D9C54E71B521}.Release|Any CPU.Build.0 = Release|Any CPU
		{1CC3D0C5-FC8B-4AFB-83E2-2A7BF4C7CF0E}.Debug|Any CPU.ActiveCfg = Debug|Any CPU
		{1CC3D0C5-FC8B-4AFB-83E2-2A7BF4C7CF0E}.Debug|Any CPU.Build.0 = Debug|Any CPU
		{1CC3D0C5-FC8B-4AFB-83E2-2A7BF4C7CF0E}.Release|Any CPU.ActiveCfg = Release|Any CPU
		{1CC3D0C5-FC8B-4AFB-83E2-2A7BF4C7CF0E}.Release|Any CPU.Build.0 = Release|Any CPU
		{33876422-C1C8-4F80-A4B0-ECCE59A66BEB}.Debug|Any CPU.ActiveCfg = Debug|Any CPU
		{33876422-C1C8-4F80-A4B0-ECCE59A66BEB}.Debug|Any CPU.Build.0 = Debug|Any CPU
		{33876422-C1C8-4F80-A4B0-ECCE59A66BEB}.Release|Any CPU.ActiveCfg = Release|Any CPU
		{33876422-C1C8-4F80-A4B0-ECCE59A66BEB}.Release|Any CPU.Build.0 = Release|Any CPU
	EndGlobalSection
	GlobalSection(SolutionProperties) = preSolution
		HideSolutionNode = FALSE
	EndGlobalSection
	GlobalSection(NestedProjects) = preSolution
		{3DA0DE2A-B8EB-4C38-821A-DF8BA1444713} = {786AA58B-7E38-4603-AD92-B192ABEEAC73}
		{8F454596-57F9-42F4-B9C7-B2D8E7A89A27} = {3DA0DE2A-B8EB-4C38-821A-DF8BA1444713}
		{0650C4F9-84A0-4F01-B7E0-1C7101609A46} = {786AA58B-7E38-4603-AD92-B192ABEEAC73}
		{17908A2B-0414-4476-9B21-18B90330EA2B} = {0650C4F9-84A0-4F01-B7E0-1C7101609A46}
		{F665DDAA-5D41-4B1E-8430-31165FE6116D} = {786AA58B-7E38-4603-AD92-B192ABEEAC73}
		{967C0733-AE82-4F8F-AB7F-35D993DBB2F1} = {F665DDAA-5D41-4B1E-8430-31165FE6116D}
		{8DB76CED-D06A-4B6C-B35C-FF04E8AF1D20} = {F665DDAA-5D41-4B1E-8430-31165FE6116D}
		{1C40D73C-B678-432B-9036-0F959F149400} = {786AA58B-7E38-4603-AD92-B192ABEEAC73}
		{D37082F5-651E-4B0A-A5D7-D9C54E71B521} = {1C40D73C-B678-432B-9036-0F959F149400}
		{1CC3D0C5-FC8B-4AFB-83E2-2A7BF4C7CF0E} = {1C40D73C-B678-432B-9036-0F959F149400}
		{33876422-C1C8-4F80-A4B0-ECCE59A66BEB} = {1C40D73C-B678-432B-9036-0F959F149400}
	EndGlobalSection
	GlobalSection(ExtensibilityGlobals) = postSolution
		SolutionGuid = {1CECB673-83D4-4702-BA30-322F7EDE2475}
	EndGlobalSection
EndGlobal
